
Microsoft Visual Studio Solution File, Format Version 12.00
# Visual Studio Version 16
VisualStudioVersion = 16.0.30320.27
MinimumVisualStudioVersion = 10.0.40219.1
Project("{FAE04EC0-301F-11D3-BF4B-00C04F79EFBC}") = "7_4 dgproject", "7_4 dgproject.csproj", "{A26E347A-4958-40C5-85BF-6DB86C6244EB}"
EndProject
Global
	GlobalSection(SolutionConfigurationPlatforms) = preSolution
		Debug|Any CPU = Debug|Any CPU
		Release|Any CPU = Release|Any CPU
	EndGlobalSection
	GlobalSection(ProjectConfigurationPlatforms) = postSolution
		{A26E347A-4958-40C5-85BF-6DB86C6244EB}.Debug|Any CPU.ActiveCfg = Debug|Any CPU
		{A26E347A-4958-40C5-85BF-6DB86C6244EB}.Debug|Any CPU.Build.0 = Debug|Any CPU
		{A26E347A-4958-40C5-85BF-6DB86C6244EB}.Release|Any CPU.ActiveCfg = Release|Any CPU
		{A26E347A-4958-40C5-85BF-6DB86C6244EB}.Release|Any CPU.Build.0 = Release|Any CPU
	EndGlobalSection
	GlobalSection(SolutionProperties) = preSolution
		HideSolutionNode = FALSE
	EndGlobalSection
	GlobalSection(ExtensibilityGlobals) = postSolution
		SolutionGuid = {90B29568-BE8E-4F96-AD2F-792D5790F267}
	EndGlobalSection
EndGlobal
